# This file is automatically @generated by Cargo.
# It is not intended for manual editing.
version = 4

[[package]]
name = "zevryon-abi"
version = "0.1.0"

[[package]]
name = "zevryon-ffi"
version = "0.1.0"
dependencies = [
 "zevryon-abi",
 "zevryon-ledger",
]

[[package]]
name = "zevryon-ledger"
version = "0.1.0"
dependencies = [
 "zevryon-abi",
]

[[package]]
name = "zevryon-massivedoc"
version = "0.1.0"

[[package]]
name = "zevryon-massivedoc-ffi"
version = "0.1.0"
dependencies = [
 "zevryon-massivedoc",
]

[[package]]
name = "zevryon-unicode-abi"
version = "0.1.0"

[[package]]
name = "zevryon-unicode-ffi"
version = "0.1.0"
dependencies = [
 "zevryon-unicode-abi",
 "zevryon-unicode-stream",
]

[[package]]
name = "zevryon-unicode-stream"
version = "0.1.0"
